// !$*UTF8*$!
{
	archiveVersion = 1;
	classes = {
	};
	objectVersion = 46;
	objects = {

/* Begin PBXBuildFile section */
		399EF0FB1D2D20FF004166CA /* back_arrow.png in Resources */ = {isa = PBXBuildFile; fileRef = 399EF0FA1D2D20FF004166CA /* back_arrow.png */; };
		399EF0FE1D2D2596004166CA /* InPutView.m in Sources */ = {isa = PBXBuildFile; fileRef = 399EF0FD1D2D2596004166CA /* InPutView.m */; };
		399EF1011D2D334D004166CA /* QRAnimationView.m in Sources */ = {isa = PBXBuildFile; fileRef = 399EF1001D2D334D004166CA /* QRAnimationView.m */; };
		399EF11C1D2DF561004166CA /* MASCompositeConstraint.m in Sources */ = {isa = PBXBuildFile; fileRef = 399EF1041D2DF561004166CA /* MASCompositeConstraint.m */; };
		399EF11D1D2DF561004166CA /* MASConstraint.m in Sources */ = {isa = PBXBuildFile; fileRef = 399EF1071D2DF561004166CA /* MASConstraint.m */; };
		399EF11E1D2DF561004166CA /* MASConstraintMaker.m in Sources */ = {isa = PBXBuildFile; fileRef = 399EF1091D2DF561004166CA /* MASConstraintMaker.m */; };
		399EF11F1D2DF561004166CA /* MASLayoutConstraint.m in Sources */ = {isa = PBXBuildFile; fileRef = 399EF10B1D2DF561004166CA /* MASLayoutConstraint.m */; };
		399EF1201D2DF561004166CA /* MASViewAttribute.m in Sources */ = {isa = PBXBuildFile; fileRef = 399EF10F1D2DF561004166CA /* MASViewAttribute.m */; };
		399EF1211D2DF561004166CA /* MASViewConstraint.m in Sources */ = {isa = PBXBuildFile; fileRef = 399EF1111D2DF561004166CA /* MASViewConstraint.m */; };
		399EF1221D2DF561004166CA /* NSArray+MASAdditions.m in Sources */ = {isa = PBXBuildFile; fileRef = 399EF1131D2DF561004166CA /* NSArray+MASAdditions.m */; };
		399EF1231D2DF561004166CA /* NSLayoutConstraint+MASDebugAdditions.m in Sources */ = {isa = PBXBuildFile; fileRef = 399EF1161D2DF561004166CA /* NSLayoutConstraint+MASDebugAdditions.m */; };
		399EF1241D2DF561004166CA /* View+MASAdditions.m in Sources */ = {isa = PBXBuildFile; fileRef = 399EF1181D2DF561004166CA /* View+MASAdditions.m */; };
		399EF1251D2DF561004166CA /* ViewController+MASAdditions.m in Sources */ = {isa = PBXBuildFile; fileRef = 399EF11B1D2DF561004166CA /* ViewController+MASAdditions.m */; };
		399EF12B1D2E18E4004166CA /* RDNavgationAndStateBar.m in Sources */ = {isa = PBXBuildFile; fileRef = 399EF12A1D2E18E4004166CA /* RDNavgationAndStateBar.m */; };
		399EF12E1D2E365B004166CA /* saoma_bar.png in Resources */ = {isa = PBXBuildFile; fileRef = 399EF12C1D2E365B004166CA /* saoma_bar.png */; };
		399EF12F1D2E365B004166CA /* saoma_bg.png in Resources */ = {isa = PBXBuildFile; fileRef = 399EF12D1D2E365B004166CA /* saoma_bg.png */; };
		399EF1371D2F4FD4004166CA /* SubAlertVIew.m in Sources */ = {isa = PBXBuildFile; fileRef = 399EF1361D2F4FD4004166CA /* SubAlertVIew.m */; };
		39E54FD21D1E9C0600FC1F06 /* main.m in Sources */ = {isa = PBXBuildFile; fileRef = 39E54FD11D1E9C0600FC1F06 /* main.m */; };
		39E54FD51D1E9C0600FC1F06 /* AppDelegate.m in Sources */ = {isa = PBXBuildFile; fileRef = 39E54FD41D1E9C0600FC1F06 /* AppDelegate.m */; };
		39E54FD81D1E9C0600FC1F06 /* ViewController.m in Sources */ = {isa = PBXBuildFile; fileRef = 39E54FD71D1E9C0600FC1F06 /* ViewController.m */; };
		39E54FDB1D1E9C0600FC1F06 /* Main.storyboard in Resources */ = {isa = PBXBuildFile; fileRef = 39E54FD91D1E9C0600FC1F06 /* Main.storyboard */; };
		39E54FDD1D1E9C0600FC1F06 /* Assets.xcassets in Resources */ = {isa = PBXBuildFile; fileRef = 39E54FDC1D1E9C0600FC1F06 /* Assets.xcassets */; };
		39E54FE01D1E9C0600FC1F06 /* LaunchScreen.storyboard in Resources */ = {isa = PBXBuildFile; fileRef = 39E54FDE1D1E9C0600FC1F06 /* LaunchScreen.storyboard */; };
		39E54FEB1D1E9C0600FC1F06 /* QRcodeTests.m in Sources */ = {isa = PBXBuildFile; fileRef = 39E54FEA1D1E9C0600FC1F06 /* QRcodeTests.m */; };
		39E54FF61D1E9C0600FC1F06 /* QRcodeUITests.m in Sources */ = {isa = PBXBuildFile; fileRef = 39E54FF51D1E9C0600FC1F06 /* QRcodeUITests.m */; };
		39E5500B1D1E9F7800FC1F06 /* QRcodeController.m in Sources */ = {isa = PBXBuildFile; fileRef = 39E5500A1D1E9F7800FC1F06 /* QRcodeController.m */; };
/* End PBXBuildFile section */

/* Begin PBXContainerItemProxy section */
		39E54FE71D1E9C0600FC1F06 /* PBXContainerItemProxy */ = {
			isa = PBXContainerItemProxy;
			containerPortal = 39E54FC51D1E9C0600FC1F06 /* Project object */;
			proxyType = 1;
			remoteGlobalIDString = 39E54FCC1D1E9C0600FC1F06;
			remoteInfo = QRcode;
		};
		39E54FF21D1E9C0600FC1F06 /* PBXContainerItemProxy */ = {
			isa = PBXContainerItemProxy;
			containerPortal = 39E54FC51D1E9C0600FC1F06 /* Project object */;
			proxyType = 1;
			remoteGlobalIDString = 39E54FCC1D1E9C0600FC1F06;
			remoteInfo = QRcode;
		};
/* End PBXContainerItemProxy section */

/* Begin PBXFileReference section */
		399EF0FA1D2D20FF004166CA /* back_arrow.png */ = {isa = PBXFileReference; lastKnownFileType = image.png; path = back_arrow.png; sourceTree = "<group>"; };
		399EF0FC1D2D2596004166CA /* InPutView.h */ = {isa = PBXFileReference; fileEncoding = 4; lastKnownFileType = sourcecode.c.h; path = InPutView.h; sourceTree = "<group>"; };
		399EF0FD1D2D2596004166CA /* InPutView.m */ = {isa = PBXFileReference; fileEncoding = 4; lastKnownFileType = sourcecode.c.objc; path = InPutView.m; sourceTree = "<group>"; };
		399EF0FF1D2D334D004166CA /* QRAnimationView.h */ = {isa = PBXFileReference; fileEncoding = 4; lastKnownFileType = sourcecode.c.h; path = QRAnimationView.h; sourceTree = "<group>"; };
		399EF1001D2D334D004166CA /* QRAnimationView.m */ = {isa = PBXFileReference; fileEncoding = 4; lastKnownFileType = sourcecode.c.objc; path = QRAnimationView.m; sourceTree = "<group>"; };
		399EF1031D2DF561004166CA /* MASCompositeConstraint.h */ = {isa = PBXFileReference; fileEncoding = 4; lastKnownFileType = sourcecode.c.h; path = MASCompositeConstraint.h; sourceTree = "<group>"; };
		399EF1041D2DF561004166CA /* MASCompositeConstraint.m */ = {isa = PBXFileReference; fileEncoding = 4; lastKnownFileType = sourcecode.c.objc; path = MASCompositeConstraint.m; sourceTree = "<group>"; };
		399EF1051D2DF561004166CA /* MASConstraint+Private.h */ = {isa = PBXFileReference; fileEncoding = 4; lastKnownFileType = sourcecode.c.h; path = "MASConstraint+Private.h"; sourceTree = "<group>"; };
		399EF1061D2DF561004166CA /* MASConstraint.h */ = {isa = PBXFileReference; fileEncoding = 4; lastKnownFileType = sourcecode.c.h; path = MASConstraint.h; sourceTree = "<group>"; };
		399EF1071D2DF561004166CA /* MASConstraint.m */ = {isa = PBXFileReference; fileEncoding = 4; lastKnownFileType = sourcecode.c.objc; path = MASConstraint.m; sourceTree = "<group>"; };
		399EF1081D2DF561004166CA /* MASConstraintMaker.h */ = {isa = PBXFileReference; fileEncoding = 4; lastKnownFileType = sourcecode.c.h; path = MASConstraintMaker.h; sourceTree = "<group>"; };
		399EF1091D2DF561004166CA /* MASConstraintMaker.m */ = {isa = PBXFileReference; fileEncoding = 4; lastKnownFileType = sourcecode.c.objc; path = MASConstraintMaker.m; sourceTree = "<group>"; };
		399EF10A1D2DF561004166CA /* MASLayoutConstraint.h */ = {isa = PBXFileReference; fileEncoding = 4; lastKnownFileType = sourcecode.c.h; path = MASLayoutConstraint.h; sourceTree = "<group>"; };
		399EF10B1D2DF561004166CA /* MASLayoutConstraint.m */ = {isa = PBXFileReference; fileEncoding = 4; lastKnownFileType = sourcecode.c.objc; path = MASLayoutConstraint.m; sourceTree = "<group>"; };
		399EF10C1D2DF561004166CA /* Masonry.h */ = {isa = PBXFileReference; fileEncoding = 4; lastKnownFileType = sourcecode.c.h; path = Masonry.h; sourceTree = "<group>"; };
		399EF10D1D2DF561004166CA /* MASUtilities.h */ = {isa = PBXFileReference; fileEncoding = 4; lastKnownFileType = sourcecode.c.h; path = MASUtilities.h; sourceTree = "<group>"; };
		399EF10E1D2DF561004166CA /* MASViewAttribute.h */ = {isa = PBXFileReference; fileEncoding = 4; lastKnownFileType = sourcecode.c.h; path = MASViewAttribute.h; sourceTree = "<group>"; };
		399EF10F1D2DF561004166CA /* MASViewAttribute.m */ = {isa = PBXFileReference; fileEncoding = 4; lastKnownFileType = sourcecode.c.objc; path = MASViewAttribute.m; sourceTree = "<group>"; };
		399EF1101D2DF561004166CA /* MASViewConstraint.h */ = {isa = PBXFileReference; fileEncoding = 4; lastKnownFileType = sourcecode.c.h; path = MASViewConstraint.h; sourceTree = "<group>"; };
		399EF1111D2DF561004166CA /* MASViewConstraint.m */ = {isa = PBXFileReference; fileEncoding = 4; lastKnownFileType = sourcecode.c.objc; path = MASViewConstraint.m; sourceTree = "<group>"; };
		399EF1121D2DF561004166CA /* NSArray+MASAdditions.h */ = {isa = PBXFileReference; fileEncoding = 4; lastKnownFileType = sourcecode.c.h; path = "NSArray+MASAdditions.h"; sourceTree = "<group>"; };
		399EF1131D2DF561004166CA /* NSArray+MASAdditions.m */ = {isa = PBXFileReference; fileEncoding = 4; lastKnownFileType = sourcecode.c.objc; path = "NSArray+MASAdditions.m"; sourceTree = "<group>"; };
		399EF1141D2DF561004166CA /* NSArray+MASShorthandAdditions.h */ = {isa = PBXFileReference; fileEncoding = 4; lastKnownFileType = sourcecode.c.h; path = "NSArray+MASShorthandAdditions.h"; sourceTree = "<group>"; };
		399EF1151D2DF561004166CA /* NSLayoutConstraint+MASDebugAdditions.h */ = {isa = PBXFileReference; fileEncoding = 4; lastKnownFileType = sourcecode.c.h; path = "NSLayoutConstraint+MASDebugAdditions.h"; sourceTree = "<group>"; };
		399EF1161D2DF561004166CA /* NSLayoutConstraint+MASDebugAdditions.m */ = {isa = PBXFileReference; fileEncoding = 4; lastKnownFileType = sourcecode.c.objc; path = "NSLayoutConstraint+MASDebugAdditions.m"; sourceTree = "<group>"; };
		399EF1171D2DF561004166CA /* View+MASAdditions.h */ = {isa = PBXFileReference; fileEncoding = 4; lastKnownFileType = sourcecode.c.h; path = "View+MASAdditions.h"; sourceTree = "<group>"; };
		399EF1181D2DF561004166CA /* View+MASAdditions.m */ = {isa = PBXFileReference; fileEncoding = 4; lastKnownFileType = sourcecode.c.objc; path = "View+MASAdditions.m"; sourceTree = "<group>"; };
		399EF1191D2DF561004166CA /* View+MASShorthandAdditions.h */ = {isa = PBXFileReference; fileEncoding = 4; lastKnownFileType = sourcecode.c.h; path = "View+MASShorthandAdditions.h"; sourceTree = "<group>"; };
		399EF11A1D2DF561004166CA /* ViewController+MASAdditions.h */ = {isa = PBXFileReference; fileEncoding = 4; lastKnownFileType = sourcecode.c.h; path = "ViewController+MASAdditions.h"; sourceTree = "<group>"; };
		399EF11B1D2DF561004166CA /* ViewController+MASAdditions.m */ = {isa = PBXFileReference; fileEncoding = 4; lastKnownFileType = sourcecode.c.objc; path = "ViewController+MASAdditions.m"; sourceTree = "<group>"; };
		399EF1291D2E18E4004166CA /* RDNavgationAndStateBar.h */ = {isa = PBXFileReference; fileEncoding = 4; lastKnownFileType = sourcecode.c.h; path = RDNavgationAndStateBar.h; sourceTree = "<group>"; };
		399EF12A1D2E18E4004166CA /* RDNavgationAndStateBar.m */ = {isa = PBXFileReference; fileEncoding = 4; lastKnownFileType = sourcecode.c.objc; path = RDNavgationAndStateBar.m; sourceTree = "<group>"; };
		399EF12C1D2E365B004166CA /* saoma_bar.png */ = {isa = PBXFileReference; lastKnownFileType = image.png; path = saoma_bar.png; sourceTree = "<group>"; };
		399EF12D1D2E365B004166CA /* saoma_bg.png */ = {isa = PBXFileReference; lastKnownFileType = image.png; path = saoma_bg.png; sourceTree = "<group>"; };
		399EF1311D2E4AC5004166CA /* PrefixHeader.pch */ = {isa = PBXFileReference; lastKnownFileType = sourcecode.c.h; path = PrefixHeader.pch; sourceTree = "<group>"; };
		399EF1351D2F4FD4004166CA /* SubAlertVIew.h */ = {isa = PBXFileReference; fileEncoding = 4; lastKnownFileType = sourcecode.c.h; path = SubAlertVIew.h; sourceTree = "<group>"; };
		399EF1361D2F4FD4004166CA /* SubAlertVIew.m */ = {isa = PBXFileReference; fileEncoding = 4; lastKnownFileType = sourcecode.c.objc; path = SubAlertVIew.m; sourceTree = "<group>"; };
		39E54FCD1D1E9C0600FC1F06 /* QRcode.app */ = {isa = PBXFileReference; explicitFileType = wrapper.application; includeInIndex = 0; path = QRcode.app; sourceTree = BUILT_PRODUCTS_DIR; };
		39E54FD11D1E9C0600FC1F06 /* main.m */ = {isa = PBXFileReference; lastKnownFileType = sourcecode.c.objc; path = main.m; sourceTree = "<group>"; };
		39E54FD31D1E9C0600FC1F06 /* AppDelegate.h */ = {isa = PBXFileReference; lastKnownFileType = sourcecode.c.h; path = AppDelegate.h; sourceTree = "<group>"; };
		39E54FD41D1E9C0600FC1F06 /* AppDelegate.m */ = {isa = PBXFileReference; lastKnownFileType = sourcecode.c.objc; path = AppDelegate.m; sourceTree = "<group>"; };
		39E54FD61D1E9C0600FC1F06 /* ViewController.h */ = {isa = PBXFileReference; lastKnownFileType = sourcecode.c.h; path = ViewController.h; sourceTree = "<group>"; };
		39E54FD71D1E9C0600FC1F06 /* ViewController.m */ = {isa = PBXFileReference; lastKnownFileType = sourcecode.c.objc; path = ViewController.m; sourceTree = "<group>"; };
		39E54FDA1D1E9C0600FC1F06 /* Base */ = {isa = PBXFileReference; lastKnownFileType = file.storyboard; name = Base; path = Base.lproj/Main.storyboard; sourceTree = "<group>"; };
		39E54FDC1D1E9C0600FC1F06 /* Assets.xcassets */ = {isa = PBXFileReference; lastKnownFileType = folder.assetcatalog; path = Assets.xcassets; sourceTree = "<group>"; };
		39E54FDF1D1E9C0600FC1F06 /* Base */ = {isa = PBXFileReference; lastKnownFileType = file.storyboard; name = Base; path = Base.lproj/LaunchScreen.storyboard; sourceTree = "<group>"; };
		39E54FE11D1E9C0600FC1F06 /* Info.plist */ = {isa = PBXFileReference; lastKnownFileType = text.plist.xml; path = Info.plist; sourceTree = "<group>"; };
		39E54FE61D1E9C0600FC1F06 /* QRcodeTests.xctest */ = {isa = PBXFileReference; explicitFileType = wrapper.cfbundle; includeInIndex = 0; path = QRcodeTests.xctest; sourceTree = BUILT_PRODUCTS_DIR; };
		39E54FEA1D1E9C0600FC1F06 /* QRcodeTests.m */ = {isa = PBXFileReference; lastKnownFileType = sourcecode.c.objc; path = QRcodeTests.m; sourceTree = "<group>"; };
		39E54FEC1D1E9C0600FC1F06 /* Info.plist */ = {isa = PBXFileReference; lastKnownFileType = text.plist.xml; path = Info.plist; sourceTree = "<group>"; };
		39E54FF11D1E9C0600FC1F06 /* QRcodeUITests.xctest */ = {isa = PBXFileReference; explicitFileType = wrapper.cfbundle; includeInIndex = 0; path = QRcodeUITests.xctest; sourceTree = BUILT_PRODUCTS_DIR; };
		39E54FF51D1E9C0600FC1F06 /* QRcodeUITests.m */ = {isa = PBXFileReference; lastKnownFileType = sourcecode.c.objc; path = QRcodeUITests.m; sourceTree = "<group>"; };
		39E54FF71D1E9C0600FC1F06 /* Info.plist */ = {isa = PBXFileReference; lastKnownFileType = text.plist.xml; path = Info.plist; sourceTree = "<group>"; };
		39E550091D1E9F7800FC1F06 /* QRcodeController.h */ = {isa = PBXFileReference; fileEncoding = 4; lastKnownFileType = sourcecode.c.h; path = QRcodeController.h; sourceTree = "<group>"; };
		39E5500A1D1E9F7800FC1F06 /* QRcodeController.m */ = {isa = PBXFileReference; fileEncoding = 4; lastKnownFileType = sourcecode.c.objc; path = QRcodeController.m; sourceTree = "<group>"; };
/* End PBXFileReference section */

/* Begin PBXFrameworksBuildPhase section */
		39E54FCA1D1E9C0600FC1F06 /* Frameworks */ = {
			isa = PBXFrameworksBuildPhase;
			buildActionMask = 2147483647;
			files = (
			);
			runOnlyForDeploymentPostprocessing = 0;
		};
		39E54FE31D1E9C0600FC1F06 /* Frameworks */ = {
			isa = PBXFrameworksBuildPhase;
			buildActionMask = 2147483647;
			files = (
			);
			runOnlyForDeploymentPostprocessing = 0;
		};
		39E54FEE1D1E9C0600FC1F06 /* Frameworks */ = {
			isa = PBXFrameworksBuildPhase;
			buildActionMask = 2147483647;
			files = (
			);
			runOnlyForDeploymentPostprocessing = 0;
		};
/* End PBXFrameworksBuildPhase section */

/* Begin PBXGroup section */
		399EF1021D2DF561004166CA /* Masonry */ = {
			isa = PBXGroup;
			children = (
				399EF1031D2DF561004166CA /* MASCompositeConstraint.h */,
				399EF1041D2DF561004166CA /* MASCompositeConstraint.m */,
				399EF1051D2DF561004166CA /* MASConstraint+Private.h */,
				399EF1061D2DF561004166CA /* MASConstraint.h */,
				399EF1071D2DF561004166CA /* MASConstraint.m */,
				399EF1081D2DF561004166CA /* MASConstraintMaker.h */,
				399EF1091D2DF561004166CA /* MASConstraintMaker.m */,
				399EF10A1D2DF561004166CA /* MASLayoutConstraint.h */,
				399EF10B1D2DF561004166CA /* MASLayoutConstraint.m */,
				399EF10C1D2DF561004166CA /* Masonry.h */,
				399EF10D1D2DF561004166CA /* MASUtilities.h */,
				399EF10E1D2DF561004166CA /* MASViewAttribute.h */,
				399EF10F1D2DF561004166CA /* MASViewAttribute.m */,
				399EF1101D2DF561004166CA /* MASViewConstraint.h */,
				399EF1111D2DF561004166CA /* MASViewConstraint.m */,
				399EF1121D2DF561004166CA /* NSArray+MASAdditions.h */,
				399EF1131D2DF561004166CA /* NSArray+MASAdditions.m */,
				399EF1141D2DF561004166CA /* NSArray+MASShorthandAdditions.h */,
				399EF1151D2DF561004166CA /* NSLayoutConstraint+MASDebugAdditions.h */,
				399EF1161D2DF561004166CA /* NSLayoutConstraint+MASDebugAdditions.m */,
				399EF1171D2DF561004166CA /* View+MASAdditions.h */,
				399EF1181D2DF561004166CA /* View+MASAdditions.m */,
				399EF1191D2DF561004166CA /* View+MASShorthandAdditions.h */,
				399EF11A1D2DF561004166CA /* ViewController+MASAdditions.h */,
				399EF11B1D2DF561004166CA /* ViewController+MASAdditions.m */,
			);
			path = Masonry;
			sourceTree = "<group>";
		};
		39E54FC41D1E9C0600FC1F06 = {
			isa = PBXGroup;
			children = (
				39E54FCF1D1E9C0600FC1F06 /* QRcode */,
				39E54FE91D1E9C0600FC1F06 /* QRcodeTests */,
				39E54FF41D1E9C0600FC1F06 /* QRcodeUITests */,
				39E54FCE1D1E9C0600FC1F06 /* Products */,
			);
			sourceTree = "<group>";
		};
		39E54FCE1D1E9C0600FC1F06 /* Products */ = {
			isa = PBXGroup;
			children = (
				39E54FCD1D1E9C0600FC1F06 /* QRcode.app */,
				39E54FE61D1E9C0600FC1F06 /* QRcodeTests.xctest */,
				39E54FF11D1E9C0600FC1F06 /* QRcodeUITests.xctest */,
			);
			name = Products;
			sourceTree = "<group>";
		};
		39E54FCF1D1E9C0600FC1F06 /* QRcode */ = {
			isa = PBXGroup;
			children = (
				39E54FD31D1E9C0600FC1F06 /* AppDelegate.h */,
				399EF1311D2E4AC5004166CA /* PrefixHeader.pch */,
				39E54FD41D1E9C0600FC1F06 /* AppDelegate.m */,
				39E54FD61D1E9C0600FC1F06 /* ViewController.h */,
				39E54FD71D1E9C0600FC1F06 /* ViewController.m */,
				39E550091D1E9F7800FC1F06 /* QRcodeController.h */,
				39E5500A1D1E9F7800FC1F06 /* QRcodeController.m */,
				399EF1291D2E18E4004166CA /* RDNavgationAndStateBar.h */,
				399EF12A1D2E18E4004166CA /* RDNavgationAndStateBar.m */,
				399EF0FC1D2D2596004166CA /* InPutView.h */,
				399EF0FD1D2D2596004166CA /* InPutView.m */,
				399EF0FF1D2D334D004166CA /* QRAnimationView.h */,
				399EF1001D2D334D004166CA /* QRAnimationView.m */,
				399EF1351D2F4FD4004166CA /* SubAlertVIew.h */,
				399EF1361D2F4FD4004166CA /* SubAlertVIew.m */,
				399EF1021D2DF561004166CA /* Masonry */,
				399EF0FA1D2D20FF004166CA /* back_arrow.png */,
				399EF12C1D2E365B004166CA /* saoma_bar.png */,
				399EF12D1D2E365B004166CA /* saoma_bg.png */,
				39E54FD91D1E9C0600FC1F06 /* Main.storyboard */,
				39E54FDC1D1E9C0600FC1F06 /* Assets.xcassets */,
				39E54FDE1D1E9C0600FC1F06 /* LaunchScreen.storyboard */,
				39E54FE11D1E9C0600FC1F06 /* Info.plist */,
				39E54FD01D1E9C0600FC1F06 /* Supporting Files */,
			);
			path = QRcode;
			sourceTree = "<group>";
		};
		39E54FD01D1E9C0600FC1F06 /* Supporting Files */ = {
			isa = PBXGroup;
			children = (
				39E54FD11D1E9C0600FC1F06 /* main.m */,
			);
			name = "Supporting Files";
			sourceTree = "<group>";
		};
		39E54FE91D1E9C0600FC1F06 /* QRcodeTests */ = {
			isa = PBXGroup;
			children = (
				39E54FEA1D1E9C0600FC1F06 /* QRcodeTests.m */,
				39E54FEC1D1E9C0600FC1F06 /* Info.plist */,
			);
			path = QRcodeTests;
			sourceTree = "<group>";
		};
		39E54FF41D1E9C0600FC1F06 /* QRcodeUITests */ = {
			isa = PBXGroup;
			children = (
				39E54FF51D1E9C0600FC1F06 /* QRcodeUITests.m */,
				39E54FF71D1E9C0600FC1F06 /* Info.plist */,
			);
			path = QRcodeUITests;
			sourceTree = "<group>";
		};
/* End PBXGroup section */

/* Begin PBXNativeTarget section */
		39E54FCC1D1E9C0600FC1F06 /* QRcode */ = {
			isa = PBXNativeTarget;
			buildConfigurationList = 39E54FFA1D1E9C0600FC1F06 /* Build configuration list for PBXNativeTarget "QRcode" */;
			buildPhases = (
				39E54FC91D1E9C0600FC1F06 /* Sources */,
				39E54FCA1D1E9C0600FC1F06 /* Frameworks */,
				39E54FCB1D1E9C0600FC1F06 /* Resources */,
			);
			buildRules = (
			);
			dependencies = (
			);
			name = QRcode;
			productName = QRcode;
			productReference = 39E54FCD1D1E9C0600FC1F06 /* QRcode.app */;
			productType = "com.apple.product-type.application";
		};
		39E54FE51D1E9C0600FC1F06 /* QRcodeTests */ = {
			isa = PBXNativeTarget;
			buildConfigurationList = 39E54FFD1D1E9C0600FC1F06 /* Build configuration list for PBXNativeTarget "QRcodeTests" */;
			buildPhases = (
				39E54FE21D1E9C0600FC1F06 /* Sources */,
				39E54FE31D1E9C0600FC1F06 /* Frameworks */,
				39E54FE41D1E9C0600FC1F06 /* Resources */,
			);
			buildRules = (
			);
			dependencies = (
				39E54FE81D1E9C0600FC1F06 /* PBXTargetDependency */,
			);
			name = QRcodeTests;
			productName = QRcodeTests;
			productReference = 39E54FE61D1E9C0600FC1F06 /* QRcodeTests.xctest */;
			productType = "com.apple.product-type.bundle.unit-test";
		};
		39E54FF01D1E9C0600FC1F06 /* QRcodeUITests */ = {
			isa = PBXNativeTarget;
			buildConfigurationList = 39E550001D1E9C0600FC1F06 /* Build configuration list for PBXNativeTarget "QRcodeUITests" */;
			buildPhases = (
				39E54FED1D1E9C0600FC1F06 /* Sources */,
				39E54FEE1D1E9C0600FC1F06 /* Frameworks */,
				39E54FEF1D1E9C0600FC1F06 /* Resources */,
			);
			buildRules = (
			);
			dependencies = (
				39E54FF31D1E9C0600FC1F06 /* PBXTargetDependency */,
			);
			name = QRcodeUITests;
			productName = QRcodeUITests;
			productReference = 39E54FF11D1E9C0600FC1F06 /* QRcodeUITests.xctest */;
			productType = "com.apple.product-type.bundle.ui-testing";
		};
/* End PBXNativeTarget section */

/* Begin PBXProject section */
		39E54FC51D1E9C0600FC1F06 /* Project object */ = {
			isa = PBXProject;
			attributes = {
				LastUpgradeCheck = 0730;
				ORGANIZATIONNAME = WadeZhang;
				TargetAttributes = {
					39E54FCC1D1E9C0600FC1F06 = {
						CreatedOnToolsVersion = 7.3.1;
						DevelopmentTeam = YGJUF6B3RM;
					};
					39E54FE51D1E9C0600FC1F06 = {
						CreatedOnToolsVersion = 7.3.1;
						DevelopmentTeam = YGJUF6B3RM;
						TestTargetID = 39E54FCC1D1E9C0600FC1F06;
					};
					39E54FF01D1E9C0600FC1F06 = {
						CreatedOnToolsVersion = 7.3.1;
						DevelopmentTeam = YGJUF6B3RM;
						TestTargetID = 39E54FCC1D1E9C0600FC1F06;
					};
				};
			};
			buildConfigurationList = 39E54FC81D1E9C0600FC1F06 /* Build configuration list for PBXProject "QRcode" */;
			compatibilityVersion = "Xcode 3.2";
			developmentRegion = English;
			hasScannedForEncodings = 0;
			knownRegions = (
				en,
				Base,
			);
			mainGroup = 39E54FC41D1E9C0600FC1F06;
			productRefGroup = 39E54FCE1D1E9C0600FC1F06 /* Products */;
			projectDirPath = "";
			projectRoot = "";
			targets = (
				39E54FCC1D1E9C0600FC1F06 /* QRcode */,
				39E54FE51D1E9C0600FC1F06 /* QRcodeTests */,
				39E54FF01D1E9C0600FC1F06 /* QRcodeUITests */,
			);
		};
/* End PBXProject section */

/* Begin PBXResourcesBuildPhase section */
		39E54FCB1D1E9C0600FC1F06 /* Resources */ = {
			isa = PBXResourcesBuildPhase;
			buildActionMask = 2147483647;
			files = (
				399EF0FB1D2D20FF004166CA /* back_arrow.png in Resources */,
				39E54FE01D1E9C0600FC1F06 /* LaunchScreen.storyboard in Resources */,
				39E54FDD1D1E9C0600FC1F06 /* Assets.xcassets in Resources */,
				399EF12E1D2E365B004166CA /* saoma_bar.png in Resources */,
				399EF12F1D2E365B004166CA /* saoma_bg.png in Resources */,
				39E54FDB1D1E9C0600FC1F06 /* Main.storyboard in Resources */,
			);
			runOnlyForDeploymentPostprocessing = 0;
		};
		39E54FE41D1E9C0600FC1F06 /* Resources */ = {
			isa = PBXResourcesBuildPhase;
			buildActionMask = 2147483647;
			files = (
			);
			runOnlyForDeploymentPostprocessing = 0;
		};
		39E54FEF1D1E9C0600FC1F06 /* Resources */ = {
			isa = PBXResourcesBuildPhase;
			buildActionMask = 2147483647;
			files = (
			);
			runOnlyForDeploymentPostprocessing = 0;
		};
/* End PBXResourcesBuildPhase section */

/* Begin PBXSourcesBuildPhase section */
		39E54FC91D1E9C0600FC1F06 /* Sources */ = {
			isa = PBXSourcesBuildPhase;
			buildActionMask = 2147483647;
			files = (
				399EF11D1D2DF561004166CA /* MASConstraint.m in Sources */,
				399EF1201D2DF561004166CA /* MASViewAttribute.m in Sources */,
				399EF1251D2DF561004166CA /* ViewController+MASAdditions.m in Sources */,
				399EF1221D2DF561004166CA /* NSArray+MASAdditions.m in Sources */,
				39E54FD81D1E9C0600FC1F06 /* ViewController.m in Sources */,
				399EF1211D2DF561004166CA /* MASViewConstraint.m in Sources */,
				399EF11F1D2DF561004166CA /* MASLayoutConstraint.m in Sources */,
				39E54FD51D1E9C0600FC1F06 /* AppDelegate.m in Sources */,
				399EF1371D2F4FD4004166CA /* SubAlertVIew.m in Sources */,
				399EF1011D2D334D004166CA /* QRAnimationView.m in Sources */,
				399EF12B1D2E18E4004166CA /* RDNavgationAndStateBar.m in Sources */,
				399EF1241D2DF561004166CA /* View+MASAdditions.m in Sources */,
				399EF11C1D2DF561004166CA /* MASCompositeConstraint.m in Sources */,
				399EF1231D2DF561004166CA /* NSLayoutConstraint+MASDebugAdditions.m in Sources */,
				399EF11E1D2DF561004166CA /* MASConstraintMaker.m in Sources */,
				39E54FD21D1E9C0600FC1F06 /* main.m in Sources */,
				39E5500B1D1E9F7800FC1F06 /* QRcodeController.m in Sources */,
				399EF0FE1D2D2596004166CA /* InPutView.m in Sources */,
			);
			runOnlyForDeploymentPostprocessing = 0;
		};
		39E54FE21D1E9C0600FC1F06 /* Sources */ = {
			isa = PBXSourcesBuildPhase;
			buildActionMask = 2147483647;
			files = (
				39E54FEB1D1E9C0600FC1F06 /* QRcodeTests.m in Sources */,
			);
			runOnlyForDeploymentPostprocessing = 0;
		};
		39E54FED1D1E9C0600FC1F06 /* Sources */ = {
			isa = PBXSourcesBuildPhase;
			buildActionMask = 2147483647;
			files = (
				39E54FF61D1E9C0600FC1F06 /* QRcodeUITests.m in Sources */,
			);
			runOnlyForDeploymentPostprocessing = 0;
		};
/* End PBXSourcesBuildPhase section */

/* Begin PBXTargetDependency section */
		39E54FE81D1E9C0600FC1F06 /* PBXTargetDependency */ = {
			isa = PBXTargetDependency;
			target = 39E54FCC1D1E9C0600FC1F06 /* QRcode */;
			targetProxy = 39E54FE71D1E9C0600FC1F06 /* PBXContainerItemProxy */;
		};
		39E54FF31D1E9C0600FC1F06 /* PBXTargetDependency */ = {
			isa = PBXTargetDependency;
			target = 39E54FCC1D1E9C0600FC1F06 /* QRcode */;
			targetProxy = 39E54FF21D1E9C0600FC1F06 /* PBXContainerItemProxy */;
		};
/* End PBXTargetDependency section */

/* Begin PBXVariantGroup section */
		39E54FD91D1E9C0600FC1F06 /* Main.storyboard */ = {
			isa = PBXVariantGroup;
			children = (
				39E54FDA1D1E9C0600FC1F06 /* Base */,
			);
			name = Main.storyboard;
			sourceTree = "<group>";
		};
		39E54FDE1D1E9C0600FC1F06 /* LaunchScreen.storyboard */ = {
			isa = PBXVariantGroup;
			children = (
				39E54FDF1D1E9C0600FC1F06 /* Base */,
			);
			name = LaunchScreen.storyboard;
			sourceTree = "<group>";
		};
/* End PBXVariantGroup section */

/* Begin XCBuildConfiguration section */
		39E54FF81D1E9C0600FC1F06 /* Debug */ = {
			isa = XCBuildConfiguration;
			buildSettings = {
				ALWAYS_SEARCH_USER_PATHS = NO;
				CLANG_ANALYZER_NONNULL = YES;
				CLANG_CXX_LANGUAGE_STANDARD = "gnu++0x";
				CLANG_CXX_LIBRARY = "libc++";
				CLANG_ENABLE_MODULES = YES;
				CLANG_ENABLE_OBJC_ARC = YES;
				CLANG_WARN_BOOL_CONVERSION = YES;
				CLANG_WARN_CONSTANT_CONVERSION = YES;
				CLANG_WARN_DIRECT_OBJC_ISA_USAGE = YES_ERROR;
				CLANG_WARN_EMPTY_BODY = YES;
				CLANG_WARN_ENUM_CONVERSION = YES;
				CLANG_WARN_INT_CONVERSION = YES;
				CLANG_WARN_OBJC_ROOT_CLASS = YES_ERROR;
				CLANG_WARN_UNREACHABLE_CODE = YES;
				CLANG_WARN__DUPLICATE_METHOD_MATCH = YES;
				"CODE_SIGN_IDENTITY[sdk=iphoneos*]" = "iPhone Developer";
				COPY_PHASE_STRIP = NO;
				DEBUG_INFORMATION_FORMAT = dwarf;
				ENABLE_STRICT_OBJC_MSGSEND = YES;
				ENABLE_TESTABILITY = YES;
				GCC_C_LANGUAGE_STANDARD = gnu99;
				GCC_DYNAMIC_NO_PIC = NO;
				GCC_NO_COMMON_BLOCKS = YES;
				GCC_OPTIMIZATION_LEVEL = 0;
				GCC_PREPROCESSOR_DEFINITIONS = (
					"DEBUG=1",
					"$(inherited)",
				);
				GCC_WARN_64_TO_32_BIT_CONVERSION = YES;
				GCC_WARN_ABOUT_RETURN_TYPE = YES_ERROR;
				GCC_WARN_UNDECLARED_SELECTOR = YES;
				GCC_WARN_UNINITIALIZED_AUTOS = YES_AGGRESSIVE;
				GCC_WARN_UNUSED_FUNCTION = YES;
				GCC_WARN_UNUSED_VARIABLE = YES;
				IPHONEOS_DEPLOYMENT_TARGET = 9.3;
				MTL_ENABLE_DEBUG_INFO = YES;
				ONLY_ACTIVE_ARCH = YES;
				SDKROOT = iphoneos;
				TARGETED_DEVICE_FAMILY = "1,2";
			};
			name = Debug;
		};
		39E54FF91D1E9C0600FC1F06 /* Release */ = {
			isa = XCBuildConfiguration;
			buildSettings = {
				ALWAYS_SEARCH_USER_PATHS = NO;
				CLANG_ANALYZER_NONNULL = YES;
				CLANG_CXX_LANGUAGE_STANDARD = "gnu++0x";
				CLANG_CXX_LIBRARY = "libc++";
				CLANG_ENABLE_MODULES = YES;
				CLANG_ENABLE_OBJC_ARC = YES;
				CLANG_WARN_BOOL_CONVERSION = YES;
				CLANG_WARN_CONSTANT_CONVERSION = YES;
				CLANG_WARN_DIRECT_OBJC_ISA_USAGE = YES_ERROR;
				CLANG_WARN_EMPTY_BODY = YES;
				CLANG_WARN_ENUM_CONVERSION = YES;
				CLANG_WARN_INT_CONVERSION = YES;
				CLANG_WARN_OBJC_ROOT_CLASS = YES_ERROR;
				CLANG_WARN_UNREACHABLE_CODE = YES;
				CLANG_WARN__DUPLICATE_METHOD_MATCH = YES;
				"CODE_SIGN_IDENTITY[sdk=iphoneos*]" = "iPhone Developer";
				COPY_PHASE_STRIP = NO;
				DEBUG_INFORMATION_FORMAT = "dwarf-with-dsym";
				ENABLE_NS_ASSERTIONS = NO;
				ENABLE_STRICT_OBJC_MSGSEND = YES;
				GCC_C_LANGUAGE_STANDARD = gnu99;
				GCC_NO_COMMON_BLOCKS = YES;
				GCC_WARN_64_TO_32_BIT_CONVERSION = YES;
				GCC_WARN_ABOUT_RETURN_TYPE = YES_ERROR;
				GCC_WARN_UNDECLARED_SELECTOR = YES;
				GCC_WARN_UNINITIALIZED_AUTOS = YES_AGGRESSIVE;
				GCC_WARN_UNUSED_FUNCTION = YES;
				GCC_WARN_UNUSED_VARIABLE = YES;
				IPHONEOS_DEPLOYMENT_TARGET = 9.3;
				MTL_ENABLE_DEBUG_INFO = NO;
				SDKROOT = iphoneos;
				TARGETED_DEVICE_FAMILY = "1,2";
				VALIDATE_PRODUCT = YES;
			};
			name = Release;
		};
		39E54FFB1D1E9C0600FC1F06 /* Debug */ = {
			isa = XCBuildConfiguration;
			buildSettings = {
				ASSETCATALOG_COMPILER_APPICON_NAME = AppIcon;
				CODE_SIGN_IDENTITY = "iPhone Developer";
				"CODE_SIGN_IDENTITY[sdk=iphoneos*]" = "iPhone Developer";
				INFOPLIST_FILE = QRcode/Info.plist;
				IPHONEOS_DEPLOYMENT_TARGET = 9.0;
				LD_RUNPATH_SEARCH_PATHS = "$(inherited) @executable_path/Frameworks";
				PRODUCT_BUNDLE_IDENTIFIER = www.zgp.com.QRcode;
				PRODUCT_NAME = "$(TARGET_NAME)";
				PROVISIONING_PROFILE = "";
			};
			name = Debug;
		};
		39E54FFC1D1E9C0600FC1F06 /* Release */ = {
			isa = XCBuildConfiguration;
			buildSettings = {
				ASSETCATALOG_COMPILER_APPICON_NAME = AppIcon;
				CODE_SIGN_IDENTITY = "iPhone Developer";
				"CODE_SIGN_IDENTITY[sdk=iphoneos*]" = "iPhone Developer";
				INFOPLIST_FILE = QRcode/Info.plist;
				IPHONEOS_DEPLOYMENT_TARGET = 9.0;
				LD_RUNPATH_SEARCH_PATHS = "$(inherited) @executable_path/Frameworks";
				PRODUCT_BUNDLE_IDENTIFIER = www.zgp.com.QRcode;
				PRODUCT_NAME = "$(TARGET_NAME)";
				PROVISIONING_PROFILE = "";
			};
			name = Release;
		};
		39E54FFE1D1E9C0600FC1F06 /* Debug */ = {
			isa = XCBuildConfiguration;
			buildSettings = {
				BUNDLE_LOADER = "$(TEST_HOST)";
				INFOPLIST_FILE = QRcodeTests/Info.plist;
				LD_RUNPATH_SEARCH_PATHS = "$(inherited) @executable_path/Frameworks @loader_path/Frameworks";
				PRODUCT_BUNDLE_IDENTIFIER = www.zgp.com.QRcodeTests;
				PRODUCT_NAME = "$(TARGET_NAME)";
				TEST_HOST = "$(BUILT_PRODUCTS_DIR)/QRcode.app/QRcode";
			};
			name = Debug;
		};
		39E54FFF1D1E9C0600FC1F06 /* Release */ = {
			isa = XCBuildConfiguration;
			buildSettings = {
				BUNDLE_LOADER = "$(TEST_HOST)";
				INFOPLIST_FILE = QRcodeTests/Info.plist;
				LD_RUNPATH_SEARCH_PATHS = "$(inherited) @executable_path/Frameworks @loader_path/Frameworks";
				PRODUCT_BUNDLE_IDENTIFIER = www.zgp.com.QRcodeTests;
				PRODUCT_NAME = "$(TARGET_NAME)";
				TEST_HOST = "$(BUILT_PRODUCTS_DIR)/QRcode.app/QRcode";
			};
			name = Release;
		};
		39E550011D1E9C0600FC1F06 /* Debug */ = {
			isa = XCBuildConfiguration;
			buildSettings = {
				INFOPLIST_FILE = QRcodeUITests/Info.plist;
				LD_RUNPATH_SEARCH_PATHS = "$(inherited) @executable_path/Frameworks @loader_path/Frameworks";
				PRODUCT_BUNDLE_IDENTIFIER = www.zgp.com.QRcodeUITests;
				PRODUCT_NAME = "$(TARGET_NAME)";
				TEST_TARGET_NAME = QRcode;
			};
			name = Debug;
		};
		39E550021D1E9C0600FC1F06 /* Release */ = {
			isa = XCBuildConfiguration;
			buildSettings = {
				INFOPLIST_FILE = QRcodeUITests/Info.plist;
				LD_RUNPATH_SEARCH_PATHS = "$(inherited) @executable_path/Frameworks @loader_path/Frameworks";
				PRODUCT_BUNDLE_IDENTIFIER = www.zgp.com.QRcodeUITests;
				PRODUCT_NAME = "$(TARGET_NAME)";
				TEST_TARGET_NAME = QRcode;
			};
			name = Release;
		};
/* End XCBuildConfiguration section */

/* Begin XCConfigurationList section */
		39E54FC81D1E9C0600FC1F06 /* Build configuration list for PBXProject "QRcode" */ = {
			isa = XCConfigurationList;
			buildConfigurations = (
				39E54FF81D1E9C0600FC1F06 /* Debug */,
				39E54FF91D1E9C0600FC1F06 /* Release */,
			);
			defaultConfigurationIsVisible = 0;
			defaultConfigurationName = Release;
		};
		39E54FFA1D1E9C0600FC1F06 /* Build configuration list for PBXNativeTarget "QRcode" */ = {
			isa = XCConfigurationList;
			buildConfigurations = (
				39E54FFB1D1E9C0600FC1F06 /* Debug */,
				39E54FFC1D1E9C0600FC1F06 /* Release */,
			);
			defaultConfigurationIsVisible = 0;
			defaultConfigurationName = Release;
		};
		39E54FFD1D1E9C0600FC1F06 /* Build configuration list for PBXNativeTarget "QRcodeTests" */ = {
			isa = XCConfigurationList;
			buildConfigurations = (
				39E54FFE1D1E9C0600FC1F06 /* Debug */,
				39E54FFF1D1E9C0600FC1F06 /* Release */,
			);
			defaultConfigurationIsVisible = 0;
			defaultConfigurationName = Release;
		};
		39E550001D1E9C0600FC1F06 /* Build configuration list for PBXNativeTarget "QRcodeUITests" */ = {
			isa = XCConfigurationList;
			buildConfigurations = (
				39E550011D1E9C0600FC1F06 /* Debug */,
				39E550021D1E9C0600FC1F06 /* Release */,
			);
			defaultConfigurationIsVisible = 0;
			defaultConfigurationName = Release;
		};
/* End XCConfigurationList section */
	};
	rootObject = 39E54FC51D1E9C0600FC1F06 /* Project object */;
}
